// !$*UTF8*$!
{
	archiveVersion = 1;
	classes = {
	};
	objectVersion = 50;
	objects = {

/* Begin PBXBuildFile section */
		ABB04E622515481A0038D75C /* CVPixelBuffer+SimpleDALPlugin.swift in Sources */ = {isa = PBXBuildFile; fileRef = ABB04E572515481A0038D75C /* CVPixelBuffer+SimpleDALPlugin.swift */; };
		ABB04E632515481A0038D75C /* PluginInterface.swift in Sources */ = {isa = PBXBuildFile; fileRef = ABB04E582515481A0038D75C /* PluginInterface.swift */; };
		ABB04E642515481A0038D75C /* Property.swift in Sources */ = {isa = PBXBuildFile; fileRef = ABB04E592515481A0038D75C /* Property.swift */; };
		ABB04E652515481A0038D75C /* Stream.swift in Sources */ = {isa = PBXBuildFile; fileRef = ABB04E5A2515481A0038D75C /* Stream.swift */; };
		ABB04E662515481A0038D75C /* Main.swift in Sources */ = {isa = PBXBuildFile; fileRef = ABB04E5B2515481A0038D75C /* Main.swift */; };
		ABB04E672515481A0038D75C /* Object.swift in Sources */ = {isa = PBXBuildFile; fileRef = ABB04E5C2515481A0038D75C /* Object.swift */; };
		ABB04E682515481A0038D75C /* Plugin.swift in Sources */ = {isa = PBXBuildFile; fileRef = ABB04E5D2515481A0038D75C /* Plugin.swift */; };
		ABB04E692515481A0038D75C /* Log.swift in Sources */ = {isa = PBXBuildFile; fileRef = ABB04E5E2515481A0038D75C /* Log.swift */; };
		ABB04E6A2515481A0038D75C /* CameraCapture.swift in Sources */ = {isa = PBXBuildFile; fileRef = ABB04E5F2515481A0038D75C /* CameraCapture.swift */; };
		ABB04E6B2515481A0038D75C /* VideoComposer.swift in Sources */ = {isa = PBXBuildFile; fileRef = ABB04E602515481A0038D75C /* VideoComposer.swift */; };
		ABB04E7225154B1F0038D75C /* Device.swift in Sources */ = {isa = PBXBuildFile; fileRef = ABB04E7125154B1F0038D75C /* Device.swift */; };
		ABB04E7F2515A8140038D75C /* AppDelegate.swift in Sources */ = {isa = PBXBuildFile; fileRef = ABB04E7E2515A8140038D75C /* AppDelegate.swift */; };
		ABB04E812515A8140038D75C /* ViewController.swift in Sources */ = {isa = PBXBuildFile; fileRef = ABB04E802515A8140038D75C /* ViewController.swift */; };
		ABB04E832515A8160038D75C /* Assets.xcassets in Resources */ = {isa = PBXBuildFile; fileRef = ABB04E822515A8160038D75C /* Assets.xcassets */; };
		ABB04E862515A8160038D75C /* Main.storyboard in Resources */ = {isa = PBXBuildFile; fileRef = ABB04E842515A8160038D75C /* Main.storyboard */; };
		ABB04E9D25162D310038D75C /* WindowController.swift in Sources */ = {isa = PBXBuildFile; fileRef = ABB04E9C25162D310038D75C /* WindowController.swift */; };
		ABB04EB125194A7D0038D75C /* Config.swift in Sources */ = {isa = PBXBuildFile; fileRef = ABB04EAF25194A7D0038D75C /* Config.swift */; };
		ABB04EB225194A7D0038D75C /* Config.swift in Sources */ = {isa = PBXBuildFile; fileRef = ABB04EAF25194A7D0038D75C /* Config.swift */; };
		ABB04EB325194A7D0038D75C /* SettingsPasteboard.swift in Sources */ = {isa = PBXBuildFile; fileRef = ABB04EB025194A7D0038D75C /* SettingsPasteboard.swift */; };
		ABB04EB425194A7D0038D75C /* SettingsPasteboard.swift in Sources */ = {isa = PBXBuildFile; fileRef = ABB04EB025194A7D0038D75C /* SettingsPasteboard.swift */; };
/* End PBXBuildFile section */

/* Begin PBXFileReference section */
		ABB04E4C2515477A0038D75C /* VirtualCameraSample.plugin */ = {isa = PBXFileReference; explicitFileType = wrapper.cfbundle; includeInIndex = 0; path = VirtualCameraSample.plugin; sourceTree = BUILT_PRODUCTS_DIR; };
		ABB04E4F2515477A0038D75C /* Info.plist */ = {isa = PBXFileReference; lastKnownFileType = text.plist.xml; path = Info.plist; sourceTree = "<group>"; };
		ABB04E572515481A0038D75C /* CVPixelBuffer+SimpleDALPlugin.swift */ = {isa = PBXFileReference; fileEncoding = 4; lastKnownFileType = sourcecode.swift; path = "CVPixelBuffer+SimpleDALPlugin.swift"; sourceTree = "<group>"; };
		ABB04E582515481A0038D75C /* PluginInterface.swift */ = {isa = PBXFileReference; fileEncoding = 4; lastKnownFileType = sourcecode.swift; path = PluginInterface.swift; sourceTree = "<group>"; };
		ABB04E592515481A0038D75C /* Property.swift */ = {isa = PBXFileReference; fileEncoding = 4; lastKnownFileType = sourcecode.swift; path = Property.swift; sourceTree = "<group>"; };
		ABB04E5A2515481A0038D75C /* Stream.swift */ = {isa = PBXFileReference; fileEncoding = 4; lastKnownFileType = sourcecode.swift; path = Stream.swift; sourceTree = "<group>"; };
		ABB04E5B2515481A0038D75C /* Main.swift */ = {isa = PBXFileReference; fileEncoding = 4; lastKnownFileType = sourcecode.swift; path = Main.swift; sourceTree = "<group>"; };
		ABB04E5C2515481A0038D75C /* Object.swift */ = {isa = PBXFileReference; fileEncoding = 4; lastKnownFileType = sourcecode.swift; path = Object.swift; sourceTree = "<group>"; };
		ABB04E5D2515481A0038D75C /* Plugin.swift */ = {isa = PBXFileReference; fileEncoding = 4; lastKnownFileType = sourcecode.swift; path = Plugin.swift; sourceTree = "<group>"; };
		ABB04E5E2515481A0038D75C /* Log.swift */ = {isa = PBXFileReference; fileEncoding = 4; lastKnownFileType = sourcecode.swift; path = Log.swift; sourceTree = "<group>"; };
		ABB04E5F2515481A0038D75C /* CameraCapture.swift */ = {isa = PBXFileReference; fileEncoding = 4; lastKnownFileType = sourcecode.swift; path = CameraCapture.swift; sourceTree = "<group>"; };
		ABB04E602515481A0038D75C /* VideoComposer.swift */ = {isa = PBXFileReference; fileEncoding = 4; lastKnownFileType = sourcecode.swift; path = VideoComposer.swift; sourceTree = "<group>"; };
		ABB04E6E25154A330038D75C /* VirtualCameraSample-Bridging-Header.h */ = {isa = PBXFileReference; fileEncoding = 4; lastKnownFileType = sourcecode.c.h; path = "VirtualCameraSample-Bridging-Header.h"; sourceTree = "<group>"; };
		ABB04E7125154B1F0038D75C /* Device.swift */ = {isa = PBXFileReference; fileEncoding = 4; lastKnownFileType = sourcecode.swift; path = Device.swift; sourceTree = "<group>"; };
		ABB04E7C2515A8140038D75C /* VirtualCameraSampleController.app */ = {isa = PBXFileReference; explicitFileType = wrapper.application; includeInIndex = 0; path = VirtualCameraSampleController.app; sourceTree = BUILT_PRODUCTS_DIR; };
		ABB04E7E2515A8140038D75C /* AppDelegate.swift */ = {isa = PBXFileReference; lastKnownFileType = sourcecode.swift; path = AppDelegate.swift; sourceTree = "<group>"; };
		ABB04E802515A8140038D75C /* ViewController.swift */ = {isa = PBXFileReference; lastKnownFileType = sourcecode.swift; path = ViewController.swift; sourceTree = "<group>"; };
		ABB04E822515A8160038D75C /* Assets.xcassets */ = {isa = PBXFileReference; lastKnownFileType = folder.assetcatalog; path = Assets.xcassets; sourceTree = "<group>"; };
		ABB04E852515A8160038D75C /* Base */ = {isa = PBXFileReference; lastKnownFileType = file.storyboard; name = Base; path = Base.lproj/Main.storyboard; sourceTree = "<group>"; };
		ABB04E872515A8160038D75C /* Info.plist */ = {isa = PBXFileReference; lastKnownFileType = text.plist.xml; path = Info.plist; sourceTree = "<group>"; };
		ABB04E882515A8160038D75C /* VirtualCameraSampleController.entitlements */ = {isa = PBXFileReference; lastKnownFileType = text.plist.entitlements; path = VirtualCameraSampleController.entitlements; sourceTree = "<group>"; };
		ABB04E9C25162D310038D75C /* WindowController.swift */ = {isa = PBXFileReference; lastKnownFileType = sourcecode.swift; path = WindowController.swift; sourceTree = "<group>"; };
		ABB04EAF25194A7D0038D75C /* Config.swift */ = {isa = PBXFileReference; fileEncoding = 4; lastKnownFileType = sourcecode.swift; path = Config.swift; sourceTree = "<group>"; };
		ABB04EB025194A7D0038D75C /* SettingsPasteboard.swift */ = {isa = PBXFileReference; fileEncoding = 4; lastKnownFileType = sourcecode.swift; path = SettingsPasteboard.swift; sourceTree = "<group>"; };
/* End PBXFileReference section */

/* Begin PBXFrameworksBuildPhase section */
		ABB04E492515477A0038D75C /* Frameworks */ = {
			isa = PBXFrameworksBuildPhase;
			buildActionMask = 2147483647;
			files = (
			);
			runOnlyForDeploymentPostprocessing = 0;
		};
		ABB04E792515A8140038D75C /* Frameworks */ = {
			isa = PBXFrameworksBuildPhase;
			buildActionMask = 2147483647;
			files = (
			);
			runOnlyForDeploymentPostprocessing = 0;
		};
/* End PBXFrameworksBuildPhase section */

/* Begin PBXGroup section */
		ABB04E432515477A0038D75C = {
			isa = PBXGroup;
			children = (
				ABB04EAE25194A7D0038D75C /* Common */,
				ABB04E4E2515477A0038D75C /* VirtualCameraSample */,
				ABB04E7D2515A8140038D75C /* VirtualCameraSampleController */,
				ABB04E4D2515477A0038D75C /* Products */,
			);
			sourceTree = "<group>";
		};
		ABB04E4D2515477A0038D75C /* Products */ = {
			isa = PBXGroup;
			children = (
				ABB04E4C2515477A0038D75C /* VirtualCameraSample.plugin */,
				ABB04E7C2515A8140038D75C /* VirtualCameraSampleController.app */,
			);
			name = Products;
			sourceTree = "<group>";
		};
		ABB04E4E2515477A0038D75C /* VirtualCameraSample */ = {
			isa = PBXGroup;
			children = (
				ABB04E5F2515481A0038D75C /* CameraCapture.swift */,
				ABB04E572515481A0038D75C /* CVPixelBuffer+SimpleDALPlugin.swift */,
				ABB04E7125154B1F0038D75C /* Device.swift */,
				ABB04E4F2515477A0038D75C /* Info.plist */,
				ABB04E5E2515481A0038D75C /* Log.swift */,
				ABB04E5B2515481A0038D75C /* Main.swift */,
				ABB04E5C2515481A0038D75C /* Object.swift */,
				ABB04E5D2515481A0038D75C /* Plugin.swift */,
				ABB04E582515481A0038D75C /* PluginInterface.swift */,
				ABB04E592515481A0038D75C /* Property.swift */,
				ABB04E5A2515481A0038D75C /* Stream.swift */,
				ABB04E602515481A0038D75C /* VideoComposer.swift */,
				ABB04E6E25154A330038D75C /* VirtualCameraSample-Bridging-Header.h */,
			);
			path = VirtualCameraSample;
			sourceTree = "<group>";
		};
		ABB04E7D2515A8140038D75C /* VirtualCameraSampleController */ = {
			isa = PBXGroup;
			children = (
				ABB04E7E2515A8140038D75C /* AppDelegate.swift */,
				ABB04E802515A8140038D75C /* ViewController.swift */,
				ABB04E9C25162D310038D75C /* WindowController.swift */,
				ABB04E822515A8160038D75C /* Assets.xcassets */,
				ABB04E842515A8160038D75C /* Main.storyboard */,
				ABB04E872515A8160038D75C /* Info.plist */,
				ABB04E882515A8160038D75C /* VirtualCameraSampleController.entitlements */,
			);
			path = VirtualCameraSampleController;
			sourceTree = "<group>";
		};
		ABB04EAE25194A7D0038D75C /* Common */ = {
			isa = PBXGroup;
			children = (
				ABB04EAF25194A7D0038D75C /* Config.swift */,
				ABB04EB025194A7D0038D75C /* SettingsPasteboard.swift */,
			);
			path = Common;
			sourceTree = "<group>";
		};
/* End PBXGroup section */

/* Begin PBXNativeTarget section */
		ABB04E4B2515477A0038D75C /* VirtualCameraSample */ = {
			isa = PBXNativeTarget;
			buildConfigurationList = ABB04E522515477A0038D75C /* Build configuration list for PBXNativeTarget "VirtualCameraSample" */;
			buildPhases = (
				ABB04E482515477A0038D75C /* Sources */,
				ABB04E492515477A0038D75C /* Frameworks */,
				ABB04E4A2515477A0038D75C /* Resources */,
			);
			buildRules = (
			);
			dependencies = (
			);
			name = VirtualCameraSample;
			productName = VirtualCameraSample;
			productReference = ABB04E4C2515477A0038D75C /* VirtualCameraSample.plugin */;
			productType = "com.apple.product-type.bundle";
		};
		ABB04E7B2515A8140038D75C /* VirtualCameraSampleController */ = {
			isa = PBXNativeTarget;
			buildConfigurationList = ABB04E892515A8160038D75C /* Build configuration list for PBXNativeTarget "VirtualCameraSampleController" */;
			buildPhases = (
				ABB04E782515A8140038D75C /* Sources */,
				ABB04E792515A8140038D75C /* Frameworks */,
				ABB04E7A2515A8140038D75C /* Resources */,
			);
			buildRules = (
			);
			dependencies = (
			);
			name = VirtualCameraSampleController;
			productName = VirtualCameraSampleController;
			productReference = ABB04E7C2515A8140038D75C /* VirtualCameraSampleController.app */;
			productType = "com.apple.product-type.application";
		};
/* End PBXNativeTarget section */

/* Begin PBXProject section */
		ABB04E442515477A0038D75C /* Project object */ = {
			isa = PBXProject;
			attributes = {
				LastSwiftUpdateCheck = 1200;
				LastUpgradeCheck = 1200;
				TargetAttributes = {
					ABB04E4B2515477A0038D75C = {
						CreatedOnToolsVersion = 12.0;
						LastSwiftMigration = 1200;
					};
					ABB04E7B2515A8140038D75C = {
						CreatedOnToolsVersion = 12.0;
					};
				};
			};
			buildConfigurationList = ABB04E472515477A0038D75C /* Build configuration list for PBXProject "VirtualCameraSample" */;
			compatibilityVersion = "Xcode 9.3";
			developmentRegion = en;
			hasScannedForEncodings = 0;
			knownRegions = (
				en,
				Base,
			);
			mainGroup = ABB04E432515477A0038D75C;
			productRefGroup = ABB04E4D2515477A0038D75C /* Products */;
			projectDirPath = "";
			projectRoot = "";
			targets = (
				ABB04E4B2515477A0038D75C /* VirtualCameraSample */,
				ABB04E7B2515A8140038D75C /* VirtualCameraSampleController */,
			);
		};
/* End PBXProject section */

/* Begin PBXResourcesBuildPhase section */
		ABB04E4A2515477A0038D75C /* Resources */ = {
			isa = PBXResourcesBuildPhase;
			buildActionMask = 2147483647;
			files = (
			);
			runOnlyForDeploymentPostprocessing = 0;
		};
		ABB04E7A2515A8140038D75C /* Resources */ = {
			isa = PBXResourcesBuildPhase;
			buildActionMask = 2147483647;
			files = (
				ABB04E832515A8160038D75C /* Assets.xcassets in Resources */,
				ABB04E862515A8160038D75C /* Main.storyboard in Resources */,
			);
			runOnlyForDeploymentPostprocessing = 0;
		};
/* End PBXResourcesBuildPhase section */

/* Begin PBXSourcesBuildPhase section */
		ABB04E482515477A0038D75C /* Sources */ = {
			isa = PBXSourcesBuildPhase;
			buildActionMask = 2147483647;
			files = (
				ABB04E662515481A0038D75C /* Main.swift in Sources */,
				ABB04EB325194A7D0038D75C /* SettingsPasteboard.swift in Sources */,
				ABB04E642515481A0038D75C /* Property.swift in Sources */,
				ABB04E682515481A0038D75C /* Plugin.swift in Sources */,
				ABB04E7225154B1F0038D75C /* Device.swift in Sources */,
				ABB04E632515481A0038D75C /* PluginInterface.swift in Sources */,
				ABB04EB125194A7D0038D75C /* Config.swift in Sources */,
				ABB04E6A2515481A0038D75C /* CameraCapture.swift in Sources */,
				ABB04E6B2515481A0038D75C /* VideoComposer.swift in Sources */,
				ABB04E622515481A0038D75C /* CVPixelBuffer+SimpleDALPlugin.swift in Sources */,
				ABB04E672515481A0038D75C /* Object.swift in Sources */,
				ABB04E692515481A0038D75C /* Log.swift in Sources */,
				ABB04E652515481A0038D75C /* Stream.swift in Sources */,
			);
			runOnlyForDeploymentPostprocessing = 0;
		};
		ABB04E782515A8140038D75C /* Sources */ = {
			isa = PBXSourcesBuildPhase;
			buildActionMask = 2147483647;
			files = (
				ABB04E9D25162D310038D75C /* WindowController.swift in Sources */,
				ABB04EB225194A7D0038D75C /* Config.swift in Sources */,
				ABB04E812515A8140038D75C /* ViewController.swift in Sources */,
				ABB04E7F2515A8140038D75C /* AppDelegate.swift in Sources */,
				ABB04EB425194A7D0038D75C /* SettingsPasteboard.swift in Sources */,
			);
			runOnlyForDeploymentPostprocessing = 0;
		};
/* End PBXSourcesBuildPhase section */

/* Begin PBXVariantGroup section */
		ABB04E842515A8160038D75C /* Main.storyboard */ = {
			isa = PBXVariantGroup;
			children = (
				ABB04E852515A8160038D75C /* Base */,
			);
			name = Main.storyboard;
			sourceTree = "<group>";
		};
/* End PBXVariantGroup section */

/* Begin XCBuildConfiguration section */
		ABB04E502515477A0038D75C /* Debug */ = {
			isa = XCBuildConfiguration;
			buildSettings = {
				ALWAYS_SEARCH_USER_PATHS = NO;
				CLANG_ANALYZER_NONNULL = YES;
				CLANG_ANALYZER_NUMBER_OBJECT_CONVERSION = YES_AGGRESSIVE;
				CLANG_CXX_LANGUAGE_STANDARD = "gnu++14";
				CLANG_CXX_LIBRARY = "libc++";
				CLANG_ENABLE_MODULES = YES;
				CLANG_ENABLE_OBJC_ARC = YES;
				CLANG_ENABLE_OBJC_WEAK = YES;
				CLANG_WARN_BLOCK_CAPTURE_AUTORELEASING = YES;
				CLANG_WARN_BOOL_CONVERSION = YES;
				CLANG_WARN_COMMA = YES;
				CLANG_WARN_CONSTANT_CONVERSION = YES;
				CLANG_WARN_DEPRECATED_OBJC_IMPLEMENTATIONS = YES;
				CLANG_WARN_DIRECT_OBJC_ISA_USAGE = YES_ERROR;
				CLANG_WARN_DOCUMENTATION_COMMENTS = YES;
				CLANG_WARN_EMPTY_BODY = YES;
				CLANG_WARN_ENUM_CONVERSION = YES;
				CLANG_WARN_INFINITE_RECURSION = YES;
				CLANG_WARN_INT_CONVERSION = YES;
				CLANG_WARN_NON_LITERAL_NULL_CONVERSION = YES;
				CLANG_WARN_OBJC_IMPLICIT_RETAIN_SELF = YES;
				CLANG_WARN_OBJC_LITERAL_CONVERSION = YES;
				CLANG_WARN_OBJC_ROOT_CLASS = YES_ERROR;
				CLANG_WARN_QUOTED_INCLUDE_IN_FRAMEWORK_HEADER = YES;
				CLANG_WARN_RANGE_LOOP_ANALYSIS = YES;
				CLANG_WARN_STRICT_PROTOTYPES = YES;
				CLANG_WARN_SUSPICIOUS_MOVE = YES;
				CLANG_WARN_UNGUARDED_AVAILABILITY = YES_AGGRESSIVE;
				CLANG_WARN_UNREACHABLE_CODE = YES;
				CLANG_WARN__DUPLICATE_METHOD_MATCH = YES;
				COPY_PHASE_STRIP = NO;
				DEBUG_INFORMATION_FORMAT = dwarf;
				ENABLE_STRICT_OBJC_MSGSEND = YES;
				ENABLE_TESTABILITY = YES;
				GCC_C_LANGUAGE_STANDARD = gnu11;
				GCC_DYNAMIC_NO_PIC = NO;
				GCC_NO_COMMON_BLOCKS = YES;
				GCC_OPTIMIZATION_LEVEL = 0;
				GCC_PREPROCESSOR_DEFINITIONS = (
					"DEBUG=1",
					"$(inherited)",
				);
				GCC_WARN_64_TO_32_BIT_CONVERSION = YES;
				GCC_WARN_ABOUT_RETURN_TYPE = YES_ERROR;
				GCC_WARN_UNDECLARED_SELECTOR = YES;
				GCC_WARN_UNINITIALIZED_AUTOS = YES_AGGRESSIVE;
				GCC_WARN_UNUSED_FUNCTION = YES;
				GCC_WARN_UNUSED_VARIABLE = YES;
				MACOSX_DEPLOYMENT_TARGET = 10.15;
				MTL_ENABLE_DEBUG_INFO = INCLUDE_SOURCE;
				MTL_FAST_MATH = YES;
				ONLY_ACTIVE_ARCH = YES;
				SDKROOT = macosx;
			};
			name = Debug;
		};
		ABB04E512515477A0038D75C /* Release */ = {
			isa = XCBuildConfiguration;
			buildSettings = {
				ALWAYS_SEARCH_USER_PATHS = NO;
				CLANG_ANALYZER_NONNULL = YES;
				CLANG_ANALYZER_NUMBER_OBJECT_CONVERSION = YES_AGGRESSIVE;
				CLANG_CXX_LANGUAGE_STANDARD = "gnu++14";
				CLANG_CXX_LIBRARY = "libc++";
				CLANG_ENABLE_MODULES = YES;
				CLANG_ENABLE_OBJC_ARC = YES;
				CLANG_ENABLE_OBJC_WEAK = YES;
				CLANG_WARN_BLOCK_CAPTURE_AUTORELEASING = YES;
				CLANG_WARN_BOOL_CONVERSION = YES;
				CLANG_WARN_COMMA = YES;
				CLANG_WARN_CONSTANT_CONVERSION = YES;
				CLANG_WARN_DEPRECATED_OBJC_IMPLEMENTATIONS = YES;
				CLANG_WARN_DIRECT_OBJC_ISA_USAGE = YES_ERROR;
				CLANG_WARN_DOCUMENTATION_COMMENTS = YES;
				CLANG_WARN_EMPTY_BODY = YES;
				CLANG_WARN_ENUM_CONVERSION = YES;
				CLANG_WARN_INFINITE_RECURSION = YES;
				CLANG_WARN_INT_CONVERSION = YES;
				CLANG_WARN_NON_LITERAL_NULL_CONVERSION = YES;
				CLANG_WARN_OBJC_IMPLICIT_RETAIN_SELF = YES;
				CLANG_WARN_OBJC_LITERAL_CONVERSION = YES;
				CLANG_WARN_OBJC_ROOT_CLASS = YES_ERROR;
				CLANG_WARN_QUOTED_INCLUDE_IN_FRAMEWORK_HEADER = YES;
				CLANG_WARN_RANGE_LOOP_ANALYSIS = YES;
				CLANG_WARN_STRICT_PROTOTYPES = YES;
				CLANG_WARN_SUSPICIOUS_MOVE = YES;
				CLANG_WARN_UNGUARDED_AVAILABILITY = YES_AGGRESSIVE;
				CLANG_WARN_UNREACHABLE_CODE = YES;
				CLANG_WARN__DUPLICATE_METHOD_MATCH = YES;
				COPY_PHASE_STRIP = NO;
				DEBUG_INFORMATION_FORMAT = "dwarf-with-dsym";
				ENABLE_NS_ASSERTIONS = NO;
				ENABLE_STRICT_OBJC_MSGSEND = YES;
				GCC_C_LANGUAGE_STANDARD = gnu11;
				GCC_NO_COMMON_BLOCKS = YES;
				GCC_WARN_64_TO_32_BIT_CONVERSION = YES;
				GCC_WARN_ABOUT_RETURN_TYPE = YES_ERROR;
				GCC_WARN_UNDECLARED_SELECTOR = YES;
				GCC_WARN_UNINITIALIZED_AUTOS = YES_AGGRESSIVE;
				GCC_WARN_UNUSED_FUNCTION = YES;
				GCC_WARN_UNUSED_VARIABLE = YES;
				MACOSX_DEPLOYMENT_TARGET = 10.15;
				MTL_ENABLE_DEBUG_INFO = NO;
				MTL_FAST_MATH = YES;
				SDKROOT = macosx;
			};
			name = Release;
		};
		ABB04E532515477A0038D75C /* Debug */ = {
			isa = XCBuildConfiguration;
			buildSettings = {
				CLANG_ENABLE_MODULES = YES;
				CODE_SIGN_STYLE = Automatic;
				COMBINE_HIDPI_IMAGES = YES;
				DEVELOPMENT_TEAM = 247V527KAQ;
				INFOPLIST_FILE = VirtualCameraSample/Info.plist;
				INSTALL_PATH = "$(LOCAL_LIBRARY_DIR)/Bundles";
				LD_RUNPATH_SEARCH_PATHS = (
					"$(inherited)",
					"@executable_path/../Frameworks",
					"@loader_path/../Frameworks",
				);
				PRODUCT_BUNDLE_IDENTIFIER = tokyo.shmdevelopment.VirtualCameraSample;
				PRODUCT_NAME = "$(TARGET_NAME)";
				SKIP_INSTALL = YES;
				SWIFT_OBJC_BRIDGING_HEADER = "VirtualCameraSample/VirtualCameraSample-Bridging-Header.h";
				SWIFT_OPTIMIZATION_LEVEL = "-Onone";
				SWIFT_VERSION = 5.0;
				WRAPPER_EXTENSION = plugin;
			};
			name = Debug;
		};
		ABB04E542515477A0038D75C /* Release */ = {
			isa = XCBuildConfiguration;
			buildSettings = {
				CLANG_ENABLE_MODULES = YES;
				CODE_SIGN_STYLE = Automatic;
				COMBINE_HIDPI_IMAGES = YES;
				DEVELOPMENT_TEAM = 247V527KAQ;
				INFOPLIST_FILE = VirtualCameraSample/Info.plist;
				INSTALL_PATH = "$(LOCAL_LIBRARY_DIR)/Bundles";
				LD_RUNPATH_SEARCH_PATHS = (
					"$(inherited)",
					"@executable_path/../Frameworks",
					"@loader_path/../Frameworks",
				);
				PRODUCT_BUNDLE_IDENTIFIER = tokyo.shmdevelopment.VirtualCameraSample;
				PRODUCT_NAME = "$(TARGET_NAME)";
				SKIP_INSTALL = YES;
				SWIFT_OBJC_BRIDGING_HEADER = "VirtualCameraSample/VirtualCameraSample-Bridging-Header.h";
				SWIFT_VERSION = 5.0;
				WRAPPER_EXTENSION = plugin;
			};
			name = Release;
		};
		ABB04E8A2515A8160038D75C /* Debug */ = {
			isa = XCBuildConfiguration;
			buildSettings = {
				ASSETCATALOG_COMPILER_APPICON_NAME = AppIcon;
				ASSETCATALOG_COMPILER_GLOBAL_ACCENT_COLOR_NAME = AccentColor;
				CODE_SIGN_ENTITLEMENTS = VirtualCameraSampleController/VirtualCameraSampleController.entitlements;
				CODE_SIGN_STYLE = Automatic;
				COMBINE_HIDPI_IMAGES = YES;
				DEVELOPMENT_TEAM = 247V527KAQ;
				ENABLE_HARDENED_RUNTIME = YES;
				INFOPLIST_FILE = VirtualCameraSampleController/Info.plist;
				LD_RUNPATH_SEARCH_PATHS = (
					"$(inherited)",
					"@executable_path/../Frameworks",
				);
				MACOSX_DEPLOYMENT_TARGET = 10.14;
				PRODUCT_BUNDLE_IDENTIFIER = tokyo.shmdevelopment.VirtualCameraSampleController;
				PRODUCT_NAME = "$(TARGET_NAME)";
				SWIFT_ACTIVE_COMPILATION_CONDITIONS = DEBUG;
				SWIFT_OPTIMIZATION_LEVEL = "-Onone";
				SWIFT_VERSION = 5.0;
			};
			name = Debug;
		};
		ABB04E8B2515A8160038D75C /* Release */ = {
			isa = XCBuildConfiguration;
			buildSettings = {
				ASSETCATALOG_COMPILER_APPICON_NAME = AppIcon;
				ASSETCATALOG_COMPILER_GLOBAL_ACCENT_COLOR_NAME = AccentColor;
				CODE_SIGN_ENTITLEMENTS = VirtualCameraSampleController/VirtualCameraSampleController.entitlements;
				CODE_SIGN_STYLE = Automatic;
				COMBINE_HIDPI_IMAGES = YES;
				DEVELOPMENT_TEAM = 247V527KAQ;
				ENABLE_HARDENED_RUNTIME = YES;
				INFOPLIST_FILE = VirtualCameraSampleController/Info.plist;
				LD_RUNPATH_SEARCH_PATHS = (
					"$(inherited)",
					"@executable_path/../Frameworks",
				);
				MACOSX_DEPLOYMENT_TARGET = 10.14;
				PRODUCT_BUNDLE_IDENTIFIER = tokyo.shmdevelopment.VirtualCameraSampleController;
				PRODUCT_NAME = "$(TARGET_NAME)";
				SWIFT_COMPILATION_MODE = wholemodule;
				SWIFT_OPTIMIZATION_LEVEL = "-O";
				SWIFT_VERSION = 5.0;
			};
			name = Release;
		};
/* End XCBuildConfiguration section */

/* Begin XCConfigurationList section */
		ABB04E472515477A0038D75C /* Build configuration list for PBXProject "VirtualCameraSample" */ = {
			isa = XCConfigurationList;
			buildConfigurations = (
				ABB04E502515477A0038D75C /* Debug */,
				ABB04E512515477A0038D75C /* Release */,
			);
			defaultConfigurationIsVisible = 0;
			defaultConfigurationName = Release;
		};
		ABB04E522515477A0038D75C /* Build configuration list for PBXNativeTarget "VirtualCameraSample" */ = {
			isa = XCConfigurationList;
			buildConfigurations = (
				ABB04E532515477A0038D75C /* Debug */,
				ABB04E542515477A0038D75C /* Release */,
			);
			defaultConfigurationIsVisible = 0;
			defaultConfigurationName = Release;
		};
		ABB04E892515A8160038D75C /* Build configuration list for PBXNativeTarget "VirtualCameraSampleController" */ = {
			isa = XCConfigurationList;
			buildConfigurations = (
				ABB04E8A2515A8160038D75C /* Debug */,
				ABB04E8B2515A8160038D75C /* Release */,
			);
			defaultConfigurationIsVisible = 0;
			defaultConfigurationName = Release;
		};
/* End XCConfigurationList section */
	};
	rootObject = ABB04E442515477A0038D75C /* Project object */;
}
